
Microsoft Visual Studio Solution File, Format Version 12.00
# Visual Studio Version 17
VisualStudioVersion = 17.14.36717.8
MinimumVisualStudioVersion = 10.0.40219.1
Project("{8BC9CEB8-8B4A-11D0-8D11-00A0C91BC942}") = "DAY01", "DAY01\DAY01.vcxproj", "{56FC613E-362A-4A24-AAE7-23F19AA10BA3}"
EndProject
Project("{8BC9CEB8-8B4A-11D0-8D11-00A0C91BC942}") = "WORK", "WORK\WORK.vcxproj", "{7AA6D1AE-AFC5-45EE-8161-AA7FEA0608E8}"
EndProject
Project("{8BC9CEB8-8B4A-11D0-8D11-00A0C91BC942}") = "DAY02", "DAY02\DAY02.vcxproj", "{653F16AC-63FF-4532-AB17-D9F857EBEEB9}"
EndProject
Project("{8BC9CEB8-8B4A-11D0-8D11-00A0C91BC942}") = "DAY03", "DAY03\DAY03.vcxproj", "{BC48666C-084F-4E9F-B829-D8A7609A340B}"
EndProject
Project("{8BC9CEB8-8B4A-11D0-8D11-00A0C91BC942}") = "DAY04", "DAY04\DAY04.vcxproj", "{0CA1700D-D665-4229-BD24-A1DDBFDD6B57}"
EndProject
Project("{8BC9CEB8-8B4A-11D0-8D11-00A0C91BC942}") = "DAY05", "DAY05\DAY05.vcxproj", "{86B6E1D8-8353-4712-B3FA-16E76FAEDA25}"
EndProject
Project("{8BC9CEB8-8B4A-11D0-8D11-00A0C91BC942}") = "test_ex", "test_ex\test_ex.vcxproj", "{4684DCF7-6BD9-4810-B3AC-0803D1F240BC}"
EndProject
Project("{8BC9CEB8-8B4A-11D0-8D11-00A0C91BC942}") = "DAY06", "DAY06\DAY06.vcxproj", "{DC5A0C96-B0F3-4869-A601-94063DF5A348}"
EndProject
Project("{8BC9CEB8-8B4A-11D0-8D11-00A0C91BC942}") = "DAY07", "DAY07\DAY07.vcxproj", "{52A65640-7A9F-4540-B0E8-0E37D912A2B6}"
EndProject
Project("{8BC9CEB8-8B4A-11D0-8D11-00A0C91BC942}") = "DAY08", "DAY08\DAY08.vcxproj", "{ED249E18-3C99-4E67-B01D-836795D81581}"
EndProject
Project("{8BC9CEB8-8B4A-11D0-8D11-00A0C91BC942}") = "DAY09", "DAY09\DAY09.vcxproj", "{A54CB685-865E-42B8-8911-4C6F2CCF3BEB}"
EndProject
Project("{8BC9CEB8-8B4A-11D0-8D11-00A0C91BC942}") = "DAY10", "DAY10\DAY10.vcxproj", "{699FA7B4-D32E-40DC-91E9-64B10C5130C3}"
EndProject
Global
	GlobalSection(SolutionConfigurationPlatforms) = preSolution
		Debug|x64 = Debug|x64
		Debug|x86 = Debug|x86
		Release|x64 = Release|x64
		Release|x86 = Release|x86
	EndGlobalSection
	GlobalSection(ProjectConfigurationPlatforms) = postSolution
		{56FC613E-362A-4A24-AAE7-23F19AA10BA3}.Debug|x64.ActiveCfg = Debug|x64
		{56FC613E-362A-4A24-AAE7-23F19AA10BA3}.Debug|x64.Build.0 = Debug|x64
		{56FC613E-362A-4A24-AAE7-23F19AA10BA3}.Debug|x86.ActiveCfg = Debug|Win32
		{56FC613E-362A-4A24-AAE7-23F19AA10BA3}.Debug|x86.Build.0 = Debug|Win32
		{56FC613E-362A-4A24-AAE7-23F19AA10BA3}.Release|x64.ActiveCfg = Release|x64
		{56FC613E-362A-4A24-AAE7-23F19AA10BA3}.Release|x64.Build.0 = Release|x64
		{56FC613E-362A-4A24-AAE7-23F19AA10BA3}.Release|x86.ActiveCfg = Release|Win32
		{56FC613E-362A-4A24-AAE7-23F19AA10BA3}.Release|x86.Build.0 = Release|Win32
		{7AA6D1AE-AFC5-45EE-8161-AA7FEA0608E8}.Debug|x64.ActiveCfg = Debug|x64
		{7AA6D1AE-AFC5-45EE-8161-AA7FEA0608E8}.Debug|x64.Build.0 = Debug|x64
		{7AA6D1AE-AFC5-45EE-8161-AA7FEA0608E8}.Debug|x86.ActiveCfg = Debug|Win32
		{7AA6D1AE-AFC5-45EE-8161-AA7FEA0608E8}.Debug|x86.Build.0 = Debug|Win32
		{7AA6D1AE-AFC5-45EE-8161-AA7FEA0608E8}.Release|x64.ActiveCfg = Release|x64
		{7AA6D1AE-AFC5-45EE-8161-AA7FEA0608E8}.Release|x64.Build.0 = Release|x64
		{7AA6D1AE-AFC5-45EE-8161-AA7FEA0608E8}.Release|x86.ActiveCfg = Release|Win32
		{7AA6D1AE-AFC5-45EE-8161-AA7FEA0608E8}.Release|x86.Build.0 = Release|Win32
		{653F16AC-63FF-4532-AB17-D9F857EBEEB9}.Debug|x64.ActiveCfg = Debug|x64
		{653F16AC-63FF-4532-AB17-D9F857EBEEB9}.Debug|x64.Build.0 = Debug|x64
		{653F16AC-63FF-4532-AB17-D9F857EBEEB9}.Debug|x86.ActiveCfg = Debug|Win32
		{653F16AC-63FF-4532-AB17-D9F857EBEEB9}.Debug|x86.Build.0 = Debug|Win32
		{653F16AC-63FF-4532-AB17-D9F857EBEEB9}.Release|x64.ActiveCfg = Release|x64
		{653F16AC-63FF-4532-AB17-D9F857EBEEB9}.Release|x64.Build.0 = Release|x64
		{653F16AC-63FF-4532-AB17-D9F857EBEEB9}.Release|x86.ActiveCfg = Release|Win32
		{653F16AC-63FF-4532-AB17-D9F857EBEEB9}.Release|x86.Build.0 = Release|Win32
		{BC48666C-084F-4E9F-B829-D8A7609A340B}.Debug|x64.ActiveCfg = Debug|x64
		{BC48666C-084F-4E9F-B829-D8A7609A340B}.Debug|x64.Build.0 = Debug|x64
		{BC48666C-084F-4E9F-B829-D8A7609A340B}.Debug|x86.ActiveCfg = Debug|Win32
		{BC48666C-084F-4E9F-B829-D8A7609A340B}.Debug|x86.Build.0 = Debug|Win32
		{BC48666C-084F-4E9F-B829-D8A7609A340B}.Release|x64.ActiveCfg = Release|x64
		{BC48666C-084F-4E9F-B829-D8A7609A340B}.Release|x64.Build.0 = Release|x64
		{BC48666C-084F-4E9F-B829-D8A7609A340B}.Release|x86.ActiveCfg = Release|Win32
		{BC48666C-084F-4E9F-B829-D8A7609A340B}.Release|x86.Build.0 = Release|Win32
		{0CA1700D-D665-4229-BD24-A1DDBFDD6B57}.Debug|x64.ActiveCfg = Debug|x64
		{0CA1700D-D665-4229-BD24-A1DDBFDD6B57}.Debug|x64.Build.0 = Debug|x64
		{0CA1700D-D665-4229-BD24-A1DDBFDD6B57}.Debug|x86.ActiveCfg = Debug|Win32
		{0CA1700D-D665-4229-BD24-A1DDBFDD6B57}.Debug|x86.Build.0 = Debug|Win32
		{0CA1700D-D665-4229-BD24-A1DDBFDD6B57}.Release|x64.ActiveCfg = Release|x64
		{0CA1700D-D665-4229-BD24-A1DDBFDD6B57}.Release|x64.Build.0 = Release|x64
		{0CA1700D-D665-4229-BD24-A1DDBFDD6B57}.Release|x86.ActiveCfg = Release|Win32
		{0CA1700D-D665-4229-BD24-A1DDBFDD6B57}.Release|x86.Build.0 = Release|Win32
		{86B6E1D8-8353-4712-B3FA-16E76FAEDA25}.Debug|x64.ActiveCfg = Debug|x64
		{86B6E1D8-8353-4712-B3FA-16E76FAEDA25}.Debug|x64.Build.0 = Debug|x64
		{86B6E1D8-8353-4712-B3FA-16E76FAEDA25}.Debug|x86.ActiveCfg = Debug|Win32
		{86B6E1D8-8353-4712-B3FA-16E76FAEDA25}.Debug|x86.Build.0 = Debug|Win32
		{86B6E1D8-8353-4712-B3FA-16E76FAEDA25}.Release|x64.ActiveCfg = Release|x64
		{86B6E1D8-8353-4712-B3FA-16E76FAEDA25}.Release|x64.Build.0 = Release|x64
		{86B6E1D8-8353-4712-B3FA-16E76FAEDA25}.Release|x86.ActiveCfg = Release|Win32
		{86B6E1D8-8353-4712-B3FA-16E76FAEDA25}.Release|x86.Build.0 = Release|Win32
		{4684DCF7-6BD9-4810-B3AC-0803D1F240BC}.Debug|x64.ActiveCfg = Debug|x64
		{4684DCF7-6BD9-4810-B3AC-0803D1F240BC}.Debug|x64.Build.0 = Debug|x64
		{4684DCF7-6BD9-4810-B3AC-0803D1F240BC}.Debug|x86.ActiveCfg = Debug|Win32
		{4684DCF7-6BD9-4810-B3AC-0803D1F240BC}.Debug|x86.Build.0 = Debug|Win32
		{4684DCF7-6BD9-4810-B3AC-0803D1F240BC}.Release|x64.ActiveCfg = Release|x64
		{4684DCF7-6BD9-4810-B3AC-0803D1F240BC}.Release|x64.Build.0 = Release|x64
		{4684DCF7-6BD9-4810-B3AC-0803D1F240BC}.Release|x86.ActiveCfg = Release|Win32
		{4684DCF7-6BD9-4810-B3AC-0803D1F240BC}.Release|x86.Build.0 = Release|Win32
		{DC5A0C96-B0F3-4869-A601-94063DF5A348}.Debug|x64.ActiveCfg = Debug|x64
		{DC5A0C96-B0F3-4869-A601-94063DF5A348}.Debug|x64.Build.0 = Debug|x64
		{DC5A0C96-B0F3-4869-A601-94063DF5A348}.Debug|x86.ActiveCfg = Debug|Win32
		{DC5A0C96-B0F3-4869-A601-94063DF5A348}.Debug|x86.Build.0 = Debug|Win32
		{DC5A0C96-B0F3-4869-A601-94063DF5A348}.Release|x64.ActiveCfg = Release|x64
		{DC5A0C96-B0F3-4869-A601-94063DF5A348}.Release|x64.Build.0 = Release|x64
		{DC5A0C96-B0F3-4869-A601-94063DF5A348}.Release|x86.ActiveCfg = Release|Win32
		{DC5A0C96-B0F3-4869-A601-94063DF5A348}.Release|x86.Build.0 = Release|Win32
		{52A65640-7A9F-4540-B0E8-0E37D912A2B6}.Debug|x64.ActiveCfg = Debug|x64
		{52A65640-7A9F-4540-B0E8-0E37D912A2B6}.Debug|x64.Build.0 = Debug|x64
		{52A65640-7A9F-4540-B0E8-0E37D912A2B6}.Debug|x86.ActiveCfg = Debug|Win32
		{52A65640-7A9F-4540-B0E8-0E37D912A2B6}.Debug|x86.Build.0 = Debug|Win32
		{52A65640-7A9F-4540-B0E8-0E37D912A2B6}.Release|x64.ActiveCfg = Release|x64
		{52A65640-7A9F-4540-B0E8-0E37D912A2B6}.Release|x64.Build.0 = Release|x64
		{52A65640-7A9F-4540-B0E8-0E37D912A2B6}.Release|x86.ActiveCfg = Release|Win32
		{52A65640-7A9F-4540-B0E8-0E37D912A2B6}.Release|x86.Build.0 = Release|Win32
		{ED249E18-3C99-4E67-B01D-836795D81581}.Debug|x64.ActiveCfg = Debug|x64
		{ED249E18-3C99-4E67-B01D-836795D81581}.Debug|x64.Build.0 = Debug|x64
		{ED249E18-3C99-4E67-B01D-836795D81581}.Debug|x86.ActiveCfg = Debug|Win32
		{ED249E18-3C99-4E67-B01D-836795D81581}.Debug|x86.Build.0 = Debug|Win32
		{ED249E18-3C99-4E67-B01D-836795D81581}.Release|x64.ActiveCfg = Release|x64
		{ED249E18-3C99-4E67-B01D-836795D81581}.Release|x64.Build.0 = Release|x64
		{ED249E18-3C99-4E67-B01D-836795D81581}.Release|x86.ActiveCfg = Release|Win32
		{ED249E18-3C99-4E67-B01D-836795D81581}.Release|x86.Build.0 = Release|Win32
		{A54CB685-865E-42B8-8911-4C6F2CCF3BEB}.Debug|x64.ActiveCfg = Debug|x64
		{A54CB685-865E-42B8-8911-4C6F2CCF3BEB}.Debug|x64.Build.0 = Debug|x64
		{A54CB685-865E-42B8-8911-4C6F2CCF3BEB}.Debug|x86.ActiveCfg = Debug|Win32
		{A54CB685-865E-42B8-8911-4C6F2CCF3BEB}.Debug|x86.Build.0 = Debug|Win32
		{A54CB685-865E-42B8-8911-4C6F2CCF3BEB}.Release|x64.ActiveCfg = Release|x64
		{A54CB685-865E-42B8-8911-4C6F2CCF3BEB}.Release|x64.Build.0 = Release|x64
		{A54CB685-865E-42B8-8911-4C6F2CCF3BEB}.Release|x86.ActiveCfg = Release|Win32
		{A54CB685-865E-42B8-8911-4C6F2CCF3BEB}.Release|x86.Build.0 = Release|Win32
		{699FA7B4-D32E-40DC-91E9-64B10C5130C3}.Debug|x64.ActiveCfg = Debug|x64
		{699FA7B4-D32E-40DC-91E9-64B10C5130C3}.Debug|x64.Build.0 = Debug|x64
		{699FA7B4-D32E-40DC-91E9-64B10C5130C3}.Debug|x86.ActiveCfg = Debug|Win32
		{699FA7B4-D32E-40DC-91E9-64B10C5130C3}.Debug|x86.Build.0 = Debug|Win32
		{699FA7B4-D32E-40DC-91E9-64B10C5130C3}.Release|x64.ActiveCfg = Release|x64
		{699FA7B4-D32E-40DC-91E9-64B10C5130C3}.Release|x64.Build.0 = Release|x64
		{699FA7B4-D32E-40DC-91E9-64B10C5130C3}.Release|x86.ActiveCfg = Release|Win32
		{699FA7B4-D32E-40DC-91E9-64B10C5130C3}.Release|x86.Build.0 = Release|Win32
	EndGlobalSection
	GlobalSection(SolutionProperties) = preSolution
		HideSolutionNode = FALSE
	EndGlobalSection
	GlobalSection(ExtensibilityGlobals) = postSolution
		SolutionGuid = {86E7EA11-CF12-404F-A6B8-BA122BAF949E}
	EndGlobalSection
EndGlobal
